// !$*UTF8*$!
{
	archiveVersion = 1;
	classes = {
	};
	objectVersion = 46;
	objects = {

/* Begin PBXBuildFile section */
		928FCF6FC28771D6EC2F705D /* libPods-Eventable.a in Frameworks */ = {isa = PBXBuildFile; fileRef = 9DCABF6D76D891BB58219CFF /* libPods-Eventable.a */; };
		A02D502A1DECDC53003A2BC5 /* EventViewCell.m in Sources */ = {isa = PBXBuildFile; fileRef = A02D50291DECDC53003A2BC5 /* EventViewCell.m */; };
		A02D502D1DECDC71003A2BC5 /* ItemViewCell.m in Sources */ = {isa = PBXBuildFile; fileRef = A02D502C1DECDC71003A2BC5 /* ItemViewCell.m */; };
		A02D50341DECFC30003A2BC5 /* CreateItemViewCell.m in Sources */ = {isa = PBXBuildFile; fileRef = A02D50331DECFC30003A2BC5 /* CreateItemViewCell.m */; };
		A02D50371DECFCD2003A2BC5 /* CreateEventViewCell.m in Sources */ = {isa = PBXBuildFile; fileRef = A02D50361DECFCD2003A2BC5 /* CreateEventViewCell.m */; };
		A02D503A1DED2358003A2BC5 /* EventDetailsViewController.m in Sources */ = {isa = PBXBuildFile; fileRef = A02D50391DED2358003A2BC5 /* EventDetailsViewController.m */; };
		A04435751DEDF0D50088368F /* ItemSectionHeaderView.m in Sources */ = {isa = PBXBuildFile; fileRef = A04435741DEDF0D50088368F /* ItemSectionHeaderView.m */; };
		A04435781DEE1C5A0088368F /* CreateEventViewController.m in Sources */ = {isa = PBXBuildFile; fileRef = A04435771DEE1C5A0088368F /* CreateEventViewController.m */; };
		A04F89271DEBE16C002DC285 /* NavController.m in Sources */ = {isa = PBXBuildFile; fileRef = A04F89261DEBE16C002DC285 /* NavController.m */; };
		A0731C841DEBC32800730908 /* main.m in Sources */ = {isa = PBXBuildFile; fileRef = A0731C831DEBC32800730908 /* main.m */; };
		A0731C871DEBC32800730908 /* AppDelegate.m in Sources */ = {isa = PBXBuildFile; fileRef = A0731C861DEBC32800730908 /* AppDelegate.m */; };
		A0731C8A1DEBC32800730908 /* HomeViewController.m in Sources */ = {isa = PBXBuildFile; fileRef = A0731C891DEBC32800730908 /* HomeViewController.m */; };
		A0731C8D1DEBC32800730908 /* Main.storyboard in Resources */ = {isa = PBXBuildFile; fileRef = A0731C8B1DEBC32800730908 /* Main.storyboard */; };
		A0731C8F1DEBC32800730908 /* Assets.xcassets in Resources */ = {isa = PBXBuildFile; fileRef = A0731C8E1DEBC32800730908 /* Assets.xcassets */; };
		A0731C921DEBC32800730908 /* LaunchScreen.storyboard in Resources */ = {isa = PBXBuildFile; fileRef = A0731C901DEBC32800730908 /* LaunchScreen.storyboard */; };
		A07D5E661DECA7C700A96571 /* GoogleService-Info.plist in Resources */ = {isa = PBXBuildFile; fileRef = A07D5E651DECA7C700A96571 /* GoogleService-Info.plist */; };
		A0D291B61DEE3CF400535304 /* CreateItemViewController.m in Sources */ = {isa = PBXBuildFile; fileRef = A0D291B51DEE3CF400535304 /* CreateItemViewController.m */; };
		A0D291B91DEE644500535304 /* ItemDetailsViewController.m in Sources */ = {isa = PBXBuildFile; fileRef = A0D291B81DEE644500535304 /* ItemDetailsViewController.m */; };
/* End PBXBuildFile section */

/* Begin PBXFileReference section */
		036A291B4AFCB5EDD4C1F313 /* Pods-Eventable.release.xcconfig */ = {isa = PBXFileReference; includeInIndex = 1; lastKnownFileType = text.xcconfig; name = "Pods-Eventable.release.xcconfig"; path = "Pods/Target Support Files/Pods-Eventable/Pods-Eventable.release.xcconfig"; sourceTree = "<group>"; };
		9DCABF6D76D891BB58219CFF /* libPods-Eventable.a */ = {isa = PBXFileReference; explicitFileType = archive.ar; includeInIndex = 0; path = "libPods-Eventable.a"; sourceTree = BUILT_PRODUCTS_DIR; };
		A02512271DECAA1F00C340E0 /* Eventable.entitlements */ = {isa = PBXFileReference; lastKnownFileType = text.plist.entitlements; path = Eventable.entitlements; sourceTree = "<group>"; };
		A02D50281DECDC53003A2BC5 /* EventViewCell.h */ = {isa = PBXFileReference; fileEncoding = 4; lastKnownFileType = sourcecode.c.h; path = EventViewCell.h; sourceTree = "<group>"; };
		A02D50291DECDC53003A2BC5 /* EventViewCell.m */ = {isa = PBXFileReference; fileEncoding = 4; lastKnownFileType = sourcecode.c.objc; path = EventViewCell.m; sourceTree = "<group>"; };
		A02D502B1DECDC71003A2BC5 /* ItemViewCell.h */ = {isa = PBXFileReference; fileEncoding = 4; lastKnownFileType = sourcecode.c.h; path = ItemViewCell.h; sourceTree = "<group>"; };
		A02D502C1DECDC71003A2BC5 /* ItemViewCell.m */ = {isa = PBXFileReference; fileEncoding = 4; lastKnownFileType = sourcecode.c.objc; path = ItemViewCell.m; sourceTree = "<group>"; };
		A02D50321DECFC30003A2BC5 /* CreateItemViewCell.h */ = {isa = PBXFileReference; fileEncoding = 4; lastKnownFileType = sourcecode.c.h; path = CreateItemViewCell.h; sourceTree = "<group>"; };
		A02D50331DECFC30003A2BC5 /* CreateItemViewCell.m */ = {isa = PBXFileReference; fileEncoding = 4; lastKnownFileType = sourcecode.c.objc; path = CreateItemViewCell.m; sourceTree = "<group>"; };
		A02D50351DECFCD2003A2BC5 /* CreateEventViewCell.h */ = {isa = PBXFileReference; fileEncoding = 4; lastKnownFileType = sourcecode.c.h; path = CreateEventViewCell.h; sourceTree = "<group>"; };
		A02D50361DECFCD2003A2BC5 /* CreateEventViewCell.m */ = {isa = PBXFileReference; fileEncoding = 4; lastKnownFileType = sourcecode.c.objc; path = CreateEventViewCell.m; sourceTree = "<group>"; };
		A02D50381DED2358003A2BC5 /* EventDetailsViewController.h */ = {isa = PBXFileReference; fileEncoding = 4; lastKnownFileType = sourcecode.c.h; path = EventDetailsViewController.h; sourceTree = "<group>"; };
		A02D50391DED2358003A2BC5 /* EventDetailsViewController.m */ = {isa = PBXFileReference; fileEncoding = 4; lastKnownFileType = sourcecode.c.objc; path = EventDetailsViewController.m; sourceTree = "<group>"; };
		A04435731DEDF0D50088368F /* ItemSectionHeaderView.h */ = {isa = PBXFileReference; fileEncoding = 4; lastKnownFileType = sourcecode.c.h; path = ItemSectionHeaderView.h; sourceTree = "<group>"; };
		A04435741DEDF0D50088368F /* ItemSectionHeaderView.m */ = {isa = PBXFileReference; fileEncoding = 4; lastKnownFileType = sourcecode.c.objc; path = ItemSectionHeaderView.m; sourceTree = "<group>"; };
		A04435761DEE1C5A0088368F /* CreateEventViewController.h */ = {isa = PBXFileReference; fileEncoding = 4; lastKnownFileType = sourcecode.c.h; path = CreateEventViewController.h; sourceTree = "<group>"; };
		A04435771DEE1C5A0088368F /* CreateEventViewController.m */ = {isa = PBXFileReference; fileEncoding = 4; lastKnownFileType = sourcecode.c.objc; path = CreateEventViewController.m; sourceTree = "<group>"; };
		A04F89251DEBE16C002DC285 /* NavController.h */ = {isa = PBXFileReference; fileEncoding = 4; lastKnownFileType = sourcecode.c.h; path = NavController.h; sourceTree = "<group>"; };
		A04F89261DEBE16C002DC285 /* NavController.m */ = {isa = PBXFileReference; fileEncoding = 4; lastKnownFileType = sourcecode.c.objc; path = NavController.m; sourceTree = "<group>"; };
		A0731C7F1DEBC32800730908 /* Eventable.app */ = {isa = PBXFileReference; explicitFileType = wrapper.application; includeInIndex = 0; path = Eventable.app; sourceTree = BUILT_PRODUCTS_DIR; };
		A0731C831DEBC32800730908 /* main.m */ = {isa = PBXFileReference; lastKnownFileType = sourcecode.c.objc; path = main.m; sourceTree = "<group>"; };
		A0731C851DEBC32800730908 /* AppDelegate.h */ = {isa = PBXFileReference; lastKnownFileType = sourcecode.c.h; path = AppDelegate.h; sourceTree = "<group>"; };
		A0731C861DEBC32800730908 /* AppDelegate.m */ = {isa = PBXFileReference; lastKnownFileType = sourcecode.c.objc; path = AppDelegate.m; sourceTree = "<group>"; };
		A0731C881DEBC32800730908 /* HomeViewController.h */ = {isa = PBXFileReference; lastKnownFileType = sourcecode.c.h; path = HomeViewController.h; sourceTree = "<group>"; };
		A0731C891DEBC32800730908 /* HomeViewController.m */ = {isa = PBXFileReference; lastKnownFileType = sourcecode.c.objc; path = HomeViewController.m; sourceTree = "<group>"; };
		A0731C8C1DEBC32800730908 /* Base */ = {isa = PBXFileReference; lastKnownFileType = file.storyboard; name = Base; path = Base.lproj/Main.storyboard; sourceTree = "<group>"; };
		A0731C8E1DEBC32800730908 /* Assets.xcassets */ = {isa = PBXFileReference; lastKnownFileType = folder.assetcatalog; path = Assets.xcassets; sourceTree = "<group>"; };
		A0731C911DEBC32800730908 /* Base */ = {isa = PBXFileReference; lastKnownFileType = file.storyboard; name = Base; path = Base.lproj/LaunchScreen.storyboard; sourceTree = "<group>"; };
		A0731C931DEBC32800730908 /* Info.plist */ = {isa = PBXFileReference; lastKnownFileType = text.plist.xml; path = Info.plist; sourceTree = "<group>"; };
		A07D5E651DECA7C700A96571 /* GoogleService-Info.plist */ = {isa = PBXFileReference; fileEncoding = 4; lastKnownFileType = text.plist.xml; path = "GoogleService-Info.plist"; sourceTree = "<group>"; };
		A09C3AC7711028DF473FF600 /* Pods-Eventable.debug.xcconfig */ = {isa = PBXFileReference; includeInIndex = 1; lastKnownFileType = text.xcconfig; name = "Pods-Eventable.debug.xcconfig"; path = "Pods/Target Support Files/Pods-Eventable/Pods-Eventable.debug.xcconfig"; sourceTree = "<group>"; };
		A0D291B41DEE3CF400535304 /* CreateItemViewController.h */ = {isa = PBXFileReference; fileEncoding = 4; lastKnownFileType = sourcecode.c.h; path = CreateItemViewController.h; sourceTree = "<group>"; };
		A0D291B51DEE3CF400535304 /* CreateItemViewController.m */ = {isa = PBXFileReference; fileEncoding = 4; lastKnownFileType = sourcecode.c.objc; path = CreateItemViewController.m; sourceTree = "<group>"; };
		A0D291B71DEE644500535304 /* ItemDetailsViewController.h */ = {isa = PBXFileReference; fileEncoding = 4; lastKnownFileType = sourcecode.c.h; path = ItemDetailsViewController.h; sourceTree = "<group>"; };
		A0D291B81DEE644500535304 /* ItemDetailsViewController.m */ = {isa = PBXFileReference; fileEncoding = 4; lastKnownFileType = sourcecode.c.objc; path = ItemDetailsViewController.m; sourceTree = "<group>"; };
/* End PBXFileReference section */

/* Begin PBXFrameworksBuildPhase section */
		A0731C7C1DEBC32800730908 /* Frameworks */ = {
			isa = PBXFrameworksBuildPhase;
			buildActionMask = 2147483647;
			files = (
				928FCF6FC28771D6EC2F705D /* libPods-Eventable.a in Frameworks */,
			);
			runOnlyForDeploymentPostprocessing = 0;
		};
/* End PBXFrameworksBuildPhase section */

/* Begin PBXGroup section */
		96A04C4220DE5D3BB134EF6F /* Frameworks */ = {
			isa = PBXGroup;
			children = (
				9DCABF6D76D891BB58219CFF /* libPods-Eventable.a */,
			);
			name = Frameworks;
			sourceTree = "<group>";
		};
		A02D502E1DECDC82003A2BC5 /* Custom Collection Cells */ = {
			isa = PBXGroup;
			children = (
				A04435731DEDF0D50088368F /* ItemSectionHeaderView.h */,
				A04435741DEDF0D50088368F /* ItemSectionHeaderView.m */,
				A02D50281DECDC53003A2BC5 /* EventViewCell.h */,
				A02D50291DECDC53003A2BC5 /* EventViewCell.m */,
				A02D50351DECFCD2003A2BC5 /* CreateEventViewCell.h */,
				A02D50361DECFCD2003A2BC5 /* CreateEventViewCell.m */,
				A02D502B1DECDC71003A2BC5 /* ItemViewCell.h */,
				A02D502C1DECDC71003A2BC5 /* ItemViewCell.m */,
				A02D50321DECFC30003A2BC5 /* CreateItemViewCell.h */,
				A02D50331DECFC30003A2BC5 /* CreateItemViewCell.m */,
			);
			name = "Custom Collection Cells";
			sourceTree = "<group>";
		};
		A0731C761DEBC32800730908 = {
			isa = PBXGroup;
			children = (
				A0731C811DEBC32800730908 /* Eventable */,
				A0731C801DEBC32800730908 /* Products */,
				A1195E65773AE859DA7834A5 /* Pods */,
				96A04C4220DE5D3BB134EF6F /* Frameworks */,
			);
			sourceTree = "<group>";
		};
		A0731C801DEBC32800730908 /* Products */ = {
			isa = PBXGroup;
			children = (
				A0731C7F1DEBC32800730908 /* Eventable.app */,
			);
			name = Products;
			sourceTree = "<group>";
		};
		A0731C811DEBC32800730908 /* Eventable */ = {
			isa = PBXGroup;
			children = (
				A0731C8B1DEBC32800730908 /* Main.storyboard */,
				A0D291B71DEE644500535304 /* ItemDetailsViewController.h */,
				A0D291B81DEE644500535304 /* ItemDetailsViewController.m */,
				A0D291B41DEE3CF400535304 /* CreateItemViewController.h */,
				A0D291B51DEE3CF400535304 /* CreateItemViewController.m */,
				A04435761DEE1C5A0088368F /* CreateEventViewController.h */,
				A04435771DEE1C5A0088368F /* CreateEventViewController.m */,
				A02D50381DED2358003A2BC5 /* EventDetailsViewController.h */,
				A02D50391DED2358003A2BC5 /* EventDetailsViewController.m */,
				A04F89251DEBE16C002DC285 /* NavController.h */,
				A04F89261DEBE16C002DC285 /* NavController.m */,
				A0731C851DEBC32800730908 /* AppDelegate.h */,
				A0731C861DEBC32800730908 /* AppDelegate.m */,
				A0731C881DEBC32800730908 /* HomeViewController.h */,
				A0731C891DEBC32800730908 /* HomeViewController.m */,
				A02D502E1DECDC82003A2BC5 /* Custom Collection Cells */,
				A0731C8E1DEBC32800730908 /* Assets.xcassets */,
				A0731C821DEBC32800730908 /* Supporting Files */,
			);
			path = Eventable;
			sourceTree = "<group>";
		};
		A0731C821DEBC32800730908 /* Supporting Files */ = {
			isa = PBXGroup;
			children = (
				A0731C901DEBC32800730908 /* LaunchScreen.storyboard */,
				A02512271DECAA1F00C340E0 /* Eventable.entitlements */,
				A07D5E651DECA7C700A96571 /* GoogleService-Info.plist */,
				A0731C931DEBC32800730908 /* Info.plist */,
				A0731C831DEBC32800730908 /* main.m */,
			);
			name = "Supporting Files";
			sourceTree = "<group>";
		};
		A1195E65773AE859DA7834A5 /* Pods */ = {
			isa = PBXGroup;
			children = (
				A09C3AC7711028DF473FF600 /* Pods-Eventable.debug.xcconfig */,
				036A291B4AFCB5EDD4C1F313 /* Pods-Eventable.release.xcconfig */,
			);
			name = Pods;
			sourceTree = "<group>";
		};
/* End PBXGroup section */

/* Begin PBXNativeTarget section */
		A0731C7E1DEBC32800730908 /* Eventable */ = {
			isa = PBXNativeTarget;
			buildConfigurationList = A0731C961DEBC32800730908 /* Build configuration list for PBXNativeTarget "Eventable" */;
			buildPhases = (
				42D5055A02DA9CA79C7E4D9F /* [CP] Check Pods Manifest.lock */,
				A0731C7B1DEBC32800730908 /* Sources */,
				A0731C7C1DEBC32800730908 /* Frameworks */,
				A0731C7D1DEBC32800730908 /* Resources */,
				045D198E7B6EBFA82BBB019D /* [CP] Embed Pods Frameworks */,
				5A2FA96136695AA7CB7E3AA0 /* [CP] Copy Pods Resources */,
			);
			buildRules = (
			);
			dependencies = (
			);
			name = Eventable;
			productName = Eventable;
			productReference = A0731C7F1DEBC32800730908 /* Eventable.app */;
			productType = "com.apple.product-type.application";
		};
/* End PBXNativeTarget section */

/* Begin PBXProject section */
		A0731C771DEBC32800730908 /* Project object */ = {
			isa = PBXProject;
			attributes = {
				LastUpgradeCheck = 0810;
				ORGANIZATIONNAME = "Dylan-Shahab";
				TargetAttributes = {
					A0731C7E1DEBC32800730908 = {
						CreatedOnToolsVersion = 8.1;
						DevelopmentTeam = A337N9L862;
						ProvisioningStyle = Automatic;
						SystemCapabilities = {
							com.apple.Keychain = {
								enabled = 1;
							};
						};
					};
				};
			};
			buildConfigurationList = A0731C7A1DEBC32800730908 /* Build configuration list for PBXProject "Eventable" */;
			compatibilityVersion = "Xcode 3.2";
			developmentRegion = English;
			hasScannedForEncodings = 0;
			knownRegions = (
				en,
				Base,
			);
			mainGroup = A0731C761DEBC32800730908;
			productRefGroup = A0731C801DEBC32800730908 /* Products */;
			projectDirPath = "";
			projectRoot = "";
			targets = (
				A0731C7E1DEBC32800730908 /* Eventable */,
			);
		};
/* End PBXProject section */

/* Begin PBXResourcesBuildPhase section */
		A0731C7D1DEBC32800730908 /* Resources */ = {
			isa = PBXResourcesBuildPhase;
			buildActionMask = 2147483647;
			files = (
				A0731C921DEBC32800730908 /* LaunchScreen.storyboard in Resources */,
				A07D5E661DECA7C700A96571 /* GoogleService-Info.plist in Resources */,
				A0731C8F1DEBC32800730908 /* Assets.xcassets in Resources */,
				A0731C8D1DEBC32800730908 /* Main.storyboard in Resources */,
			);
			runOnlyForDeploymentPostprocessing = 0;
		};
/* End PBXResourcesBuildPhase section */

/* Begin PBXShellScriptBuildPhase section */
		045D198E7B6EBFA82BBB019D /* [CP] Embed Pods Frameworks */ = {
			isa = PBXShellScriptBuildPhase;
			buildActionMask = 2147483647;
			files = (
			);
			inputPaths = (
			);
			name = "[CP] Embed Pods Frameworks";
			outputPaths = (
			);
			runOnlyForDeploymentPostprocessing = 0;
			shellPath = /bin/sh;
			shellScript = "\"${SRCROOT}/Pods/Target Support Files/Pods-Eventable/Pods-Eventable-frameworks.sh\"\n";
			showEnvVarsInLog = 0;
		};
		42D5055A02DA9CA79C7E4D9F /* [CP] Check Pods Manifest.lock */ = {
			isa = PBXShellScriptBuildPhase;
			buildActionMask = 2147483647;
			files = (
			);
			inputPaths = (
			);
			name = "[CP] Check Pods Manifest.lock";
			outputPaths = (
			);
			runOnlyForDeploymentPostprocessing = 0;
			shellPath = /bin/sh;
			shellScript = "diff \"${PODS_ROOT}/../Podfile.lock\" \"${PODS_ROOT}/Manifest.lock\" > /dev/null\nif [ $? != 0 ] ; then\n    # print error to STDERR\n    echo \"error: The sandbox is not in sync with the Podfile.lock. Run 'pod install' or update your CocoaPods installation.\" >&2\n    exit 1\nfi\n";
			showEnvVarsInLog = 0;
		};
		5A2FA96136695AA7CB7E3AA0 /* [CP] Copy Pods Resources */ = {
			isa = PBXShellScriptBuildPhase;
			buildActionMask = 2147483647;
			files = (
			);
			inputPaths = (
			);
			name = "[CP] Copy Pods Resources";
			outputPaths = (
			);
			runOnlyForDeploymentPostprocessing = 0;
			shellPath = /bin/sh;
			shellScript = "\"${SRCROOT}/Pods/Target Support Files/Pods-Eventable/Pods-Eventable-resources.sh\"\n";
			showEnvVarsInLog = 0;
		};
/* End PBXShellScriptBuildPhase section */

/* Begin PBXSourcesBuildPhase section */
		A0731C7B1DEBC32800730908 /* Sources */ = {
			isa = PBXSourcesBuildPhase;
			buildActionMask = 2147483647;
			files = (
				A0731C8A1DEBC32800730908 /* HomeViewController.m in Sources */,
				A02D50371DECFCD2003A2BC5 /* CreateEventViewCell.m in Sources */,
				A04435751DEDF0D50088368F /* ItemSectionHeaderView.m in Sources */,
				A02D502A1DECDC53003A2BC5 /* EventViewCell.m in Sources */,
				A0731C871DEBC32800730908 /* AppDelegate.m in Sources */,
				A02D502D1DECDC71003A2BC5 /* ItemViewCell.m in Sources */,
				A02D50341DECFC30003A2BC5 /* CreateItemViewCell.m in Sources */,
				A0D291B61DEE3CF400535304 /* CreateItemViewController.m in Sources */,
				A02D503A1DED2358003A2BC5 /* EventDetailsViewController.m in Sources */,
				A04435781DEE1C5A0088368F /* CreateEventViewController.m in Sources */,
				A0731C841DEBC32800730908 /* main.m in Sources */,
				A0D291B91DEE644500535304 /* ItemDetailsViewController.m in Sources */,
				A04F89271DEBE16C002DC285 /* NavController.m in Sources */,
			);
			runOnlyForDeploymentPostprocessing = 0;
		};
/* End PBXSourcesBuildPhase section */

/* Begin PBXVariantGroup section */
		A0731C8B1DEBC32800730908 /* Main.storyboard */ = {
			isa = PBXVariantGroup;
			children = (
				A0731C8C1DEBC32800730908 /* Base */,
			);
			name = Main.storyboard;
			sourceTree = "<group>";
		};
		A0731C901DEBC32800730908 /* LaunchScreen.storyboard */ = {
			isa = PBXVariantGroup;
			children = (
				A0731C911DEBC32800730908 /* Base */,
			);
			name = LaunchScreen.storyboard;
			sourceTree = "<group>";
		};
/* End PBXVariantGroup section */

/* Begin XCBuildConfiguration section */
		A0731C941DEBC32800730908 /* Debug */ = {
			isa = XCBuildConfiguration;
			buildSettings = {
				ALWAYS_SEARCH_USER_PATHS = NO;
				CLANG_ANALYZER_NONNULL = YES;
				CLANG_CXX_LANGUAGE_STANDARD = "gnu++0x";
				CLANG_CXX_LIBRARY = "libc++";
				CLANG_ENABLE_MODULES = YES;
				CLANG_ENABLE_OBJC_ARC = YES;
				CLANG_WARN_BOOL_CONVERSION = YES;
				CLANG_WARN_CONSTANT_CONVERSION = YES;
				CLANG_WARN_DIRECT_OBJC_ISA_USAGE = YES_ERROR;
				CLANG_WARN_DOCUMENTATION_COMMENTS = YES;
				CLANG_WARN_EMPTY_BODY = YES;
				CLANG_WARN_ENUM_CONVERSION = YES;
				CLANG_WARN_INFINITE_RECURSION = YES;
				CLANG_WARN_INT_CONVERSION = YES;
				CLANG_WARN_OBJC_ROOT_CLASS = YES_ERROR;
				CLANG_WARN_SUSPICIOUS_MOVE = YES;
				CLANG_WARN_SUSPICIOUS_MOVES = YES;
				CLANG_WARN_UNREACHABLE_CODE = YES;
				CLANG_WARN__DUPLICATE_METHOD_MATCH = YES;
				"CODE_SIGN_IDENTITY[sdk=iphoneos*]" = "iPhone Developer";
				COPY_PHASE_STRIP = NO;
				DEBUG_INFORMATION_FORMAT = dwarf;
				ENABLE_STRICT_OBJC_MSGSEND = YES;
				ENABLE_TESTABILITY = YES;
				GCC_C_LANGUAGE_STANDARD = gnu99;
				GCC_DYNAMIC_NO_PIC = NO;
				GCC_NO_COMMON_BLOCKS = YES;
				GCC_OPTIMIZATION_LEVEL = 0;
				GCC_PREPROCESSOR_DEFINITIONS = (
					"DEBUG=1",
					"$(inherited)",
				);
				GCC_WARN_64_TO_32_BIT_CONVERSION = YES;
				GCC_WARN_ABOUT_RETURN_TYPE = YES_ERROR;
				GCC_WARN_UNDECLARED_SELECTOR = YES;
				GCC_WARN_UNINITIALIZED_AUTOS = YES_AGGRESSIVE;
				GCC_WARN_UNUSED_FUNCTION = YES;
				GCC_WARN_UNUSED_VARIABLE = YES;
				IPHONEOS_DEPLOYMENT_TARGET = 10.1;
				MTL_ENABLE_DEBUG_INFO = YES;
				ONLY_ACTIVE_ARCH = YES;
				SDKROOT = iphoneos;
			};
			name = Debug;
		};
		A0731C951DEBC32800730908 /* Release */ = {
			isa = XCBuildConfiguration;
			buildSettings = {
				ALWAYS_SEARCH_USER_PATHS = NO;
				CLANG_ANALYZER_NONNULL = YES;
				CLANG_CXX_LANGUAGE_STANDARD = "gnu++0x";
				CLANG_CXX_LIBRARY = "libc++";
				CLANG_ENABLE_MODULES = YES;
				CLANG_ENABLE_OBJC_ARC = YES;
				CLANG_WARN_BOOL_CONVERSION = YES;
				CLANG_WARN_CONSTANT_CONVERSION = YES;
				CLANG_WARN_DIRECT_OBJC_ISA_USAGE = YES_ERROR;
				CLANG_WARN_DOCUMENTATION_COMMENTS = YES;
				CLANG_WARN_EMPTY_BODY = YES;
				CLANG_WARN_ENUM_CONVERSION = YES;
				CLANG_WARN_INFINITE_RECURSION = YES;
				CLANG_WARN_INT_CONVERSION = YES;
				CLANG_WARN_OBJC_ROOT_CLASS = YES_ERROR;
				CLANG_WARN_SUSPICIOUS_MOVE = YES;
				CLANG_WARN_SUSPICIOUS_MOVES = YES;
				CLANG_WARN_UNREACHABLE_CODE = YES;
				CLANG_WARN__DUPLICATE_METHOD_MATCH = YES;
				"CODE_SIGN_IDENTITY[sdk=iphoneos*]" = "iPhone Developer";
				COPY_PHASE_STRIP = NO;
				DEBUG_INFORMATION_FORMAT = "dwarf-with-dsym";
				ENABLE_NS_ASSERTIONS = NO;
				ENABLE_STRICT_OBJC_MSGSEND = YES;
				GCC_C_LANGUAGE_STANDARD = gnu99;
				GCC_NO_COMMON_BLOCKS = YES;
				GCC_WARN_64_TO_32_BIT_CONVERSION = YES;
				GCC_WARN_ABOUT_RETURN_TYPE = YES_ERROR;
				GCC_WARN_UNDECLARED_SELECTOR = YES;
				GCC_WARN_UNINITIALIZED_AUTOS = YES_AGGRESSIVE;
				GCC_WARN_UNUSED_FUNCTION = YES;
				GCC_WARN_UNUSED_VARIABLE = YES;
				IPHONEOS_DEPLOYMENT_TARGET = 10.1;
				MTL_ENABLE_DEBUG_INFO = NO;
				SDKROOT = iphoneos;
				VALIDATE_PRODUCT = YES;
			};
			name = Release;
		};
		A0731C971DEBC32800730908 /* Debug */ = {
			isa = XCBuildConfiguration;
			baseConfigurationReference = A09C3AC7711028DF473FF600 /* Pods-Eventable.debug.xcconfig */;
			buildSettings = {
				ASSETCATALOG_COMPILER_APPICON_NAME = AppIcon;
				CODE_SIGN_ENTITLEMENTS = Eventable/Eventable.entitlements;
				DEVELOPMENT_TEAM = A337N9L862;
				INFOPLIST_FILE = Eventable/Info.plist;
				LD_RUNPATH_SEARCH_PATHS = "$(inherited) @executable_path/Frameworks";
				PRODUCT_BUNDLE_IDENTIFIER = DMSC.Eventable;
				PRODUCT_NAME = "$(TARGET_NAME)";
			};
			name = Debug;
		};
		A0731C981DEBC32800730908 /* Release */ = {
			isa = XCBuildConfiguration;
			baseConfigurationReference = 036A291B4AFCB5EDD4C1F313 /* Pods-Eventable.release.xcconfig */;
			buildSettings = {
				ASSETCATALOG_COMPILER_APPICON_NAME = AppIcon;
				CODE_SIGN_ENTITLEMENTS = Eventable/Eventable.entitlements;
				DEVELOPMENT_TEAM = A337N9L862;
				INFOPLIST_FILE = Eventable/Info.plist;
				LD_RUNPATH_SEARCH_PATHS = "$(inherited) @executable_path/Frameworks";
				PRODUCT_BUNDLE_IDENTIFIER = DMSC.Eventable;
				PRODUCT_NAME = "$(TARGET_NAME)";
			};
			name = Release;
		};
/* End XCBuildConfiguration section */

/* Begin XCConfigurationList section */
		A0731C7A1DEBC32800730908 /* Build configuration list for PBXProject "Eventable" */ = {
			isa = XCConfigurationList;
			buildConfigurations = (
				A0731C941DEBC32800730908 /* Debug */,
				A0731C951DEBC32800730908 /* Release */,
			);
			defaultConfigurationIsVisible = 0;
			defaultConfigurationName = Release;
		};
		A0731C961DEBC32800730908 /* Build configuration list for PBXNativeTarget "Eventable" */ = {
			isa = XCConfigurationList;
			buildConfigurations = (
				A0731C971DEBC32800730908 /* Debug */,
				A0731C981DEBC32800730908 /* Release */,
			);
			defaultConfigurationIsVisible = 0;
			defaultConfigurationName = Release;
		};
/* End XCConfigurationList section */
	};
	rootObject = A0731C771DEBC32800730908 /* Project object */;
}
